
Microsoft Visual Studio Solution File, Format Version 12.00
# Visual Studio Version 17
VisualStudioVersion = 17.4.33213.308
MinimumVisualStudioVersion = 10.0.40219.1
Project("{FAE04EC0-301F-11D3-BF4B-00C04F79EFBC}") = "ToursApp", "ToursApp\ToursApp.csproj", "{92B9CAD6-ED2E-48FA-9409-60535E9A19F9}"
EndProject
Global
	GlobalSection(SolutionConfigurationPlatforms) = preSolution
		Debug|Any CPU = Debug|Any CPU
		Release|Any CPU = Release|Any CPU
	EndGlobalSection
	GlobalSection(ProjectConfigurationPlatforms) = postSolution
		{92B9CAD6-ED2E-48FA-9409-60535E9A19F9}.Debug|Any CPU.ActiveCfg = Debug|Any CPU
		{92B9CAD6-ED2E-48FA-9409-60535E9A19F9}.Debug|Any CPU.Build.0 = Debug|Any CPU
		{92B9CAD6-ED2E-48FA-9409-60535E9A19F9}.Release|Any CPU.ActiveCfg = Release|Any CPU
		{92B9CAD6-ED2E-48FA-9409-60535E9A19F9}.Release|Any CPU.Build.0 = Release|Any CPU
	EndGlobalSection
	GlobalSection(SolutionProperties) = preSolution
		HideSolutionNode = FALSE
	EndGlobalSection
	GlobalSection(ExtensibilityGlobals) = postSolution
		SolutionGuid = {9D583346-2783-4809-8495-BA7822A37EE3}
	EndGlobalSection
EndGlobal
